
Microsoft Visual Studio Solution File, Format Version 12.00
# Visual Studio 2012
Project("{FAE04EC0-301F-11D3-BF4B-00C04F79EFBC}") = "Robots", "Robots\Robots.csproj", "{0C10B41F-B018-4B97-83B9-6EC188DBCBCD}"
EndProject
Global
	GlobalSection(SolutionConfigurationPlatforms) = preSolution
		Debug|Any CPU = Debug|Any CPU
		Release|Any CPU = Release|Any CPU
	EndGlobalSection
	GlobalSection(ProjectConfigurationPlatforms) = postSolution
		{0C10B41F-B018-4B97-83B9-6EC188DBCBCD}.Debug|Any CPU.ActiveCfg = Debug|Any CPU
		{0C10B41F-B018-4B97-83B9-6EC188DBCBCD}.Debug|Any CPU.Build.0 = Debug|Any CPU
		{0C10B41F-B018-4B97-83B9-6EC188DBCBCD}.Release|Any CPU.ActiveCfg = Release|Any CPU
		{0C10B41F-B018-4B97-83B9-6EC188DBCBCD}.Release|Any CPU.Build.0 = Release|Any CPU
	EndGlobalSection
	GlobalSection(SolutionProperties) = preSolution
		HideSolutionNode = FALSE
	EndGlobalSection
EndGlobal
